
Microsoft Visual Studio Solution File, Format Version 12.00
# Visual Studio Version 17
VisualStudioVersion = 17.4.33213.308
MinimumVisualStudioVersion = 10.0.40219.1
Project("{9A19103F-16F7-4668-BE54-9A1E7A4F7556}") = "C-Compiler", "C-Compiler.csproj", "{89F3C0AC-4552-459C-9586-B08C31D6EEFE}"
EndProject
Global
	GlobalSection(SolutionConfigurationPlatforms) = preSolution
		Debug|Any CPU = Debug|Any CPU
		Release|Any CPU = Release|Any CPU
	EndGlobalSection
	GlobalSection(ProjectConfigurationPlatforms) = postSolution
		{89F3C0AC-4552-459C-9586-B08C31D6EEFE}.Debug|Any CPU.ActiveCfg = Debug|Any CPU
		{89F3C0AC-4552-459C-9586-B08C31D6EEFE}.Debug|Any CPU.Build.0 = Debug|Any CPU
		{89F3C0AC-4552-459C-9586-B08C31D6EEFE}.Release|Any CPU.ActiveCfg = Release|Any CPU
		{89F3C0AC-4552-459C-9586-B08C31D6EEFE}.Release|Any CPU.Build.0 = Release|Any CPU
	EndGlobalSection
	GlobalSection(SolutionProperties) = preSolution
		HideSolutionNode = FALSE
	EndGlobalSection
	GlobalSection(ExtensibilityGlobals) = postSolution
		SolutionGuid = {62DCA462-A394-4150-AA04-60A62CFC8F1A}
	EndGlobalSection
EndGlobal
